Microsoft Visual Studio Solution File, Format Version 11.00
# Visual Studio 2008

Project("{D52E32F3-A96A-6478-6814-AE9B5279FBE5}") = "James", "Assembly-CSharp.csproj", "{656122F4-51B0-F188-D78A-9530E4D0226C}"
EndProject
Global
	GlobalSection(SolutionConfigurationPlatforms) = preSolution
		Debug|Any CPU = Debug|Any CPU
		Release|Any CPU = Release|Any CPU
	EndGlobalSection
	GlobalSection(ProjectConfigurationPlatforms) = postSolution
		{656122F4-51B0-F188-D78A-9530E4D0226C}.Debug|Any CPU.ActiveCfg = Debug|Any CPU
		{656122F4-51B0-F188-D78A-9530E4D0226C}.Debug|Any CPU.Build.0 = Debug|Any CPU
		{656122F4-51B0-F188-D78A-9530E4D0226C}.Release|Any CPU.ActiveCfg = Release|Any CPU
		{656122F4-51B0-F188-D78A-9530E4D0226C}.Release|Any CPU.Build.0 = Release|Any CPU
	EndGlobalSection
	GlobalSection(SolutionProperties) = preSolution
		HideSolutionNode = FALSE
	EndGlobalSection
	GlobalSection(MonoDevelopProperties) = preSolution
		StartupItem = Assembly-CSharp.csproj
	EndGlobalSection
EndGlobal
