Microsoft Visual Studio Solution File, Format Version 11.00
# Visual Studio 2008

Project("{968E4FF4-039A-F20C-0832-C024E7C6D574}") = "ReneB_MyFirstProject", "Assembly-CSharp.csproj", "{D15B181F-E1A0-4A08-89BB-DDED9888AD27}"
EndProject
Global
	GlobalSection(SolutionConfigurationPlatforms) = preSolution
		Debug|Any CPU = Debug|Any CPU
		Release|Any CPU = Release|Any CPU
	EndGlobalSection
	GlobalSection(ProjectConfigurationPlatforms) = postSolution
		{D15B181F-E1A0-4A08-89BB-DDED9888AD27}.Debug|Any CPU.ActiveCfg = Debug|Any CPU
		{D15B181F-E1A0-4A08-89BB-DDED9888AD27}.Debug|Any CPU.Build.0 = Debug|Any CPU
		{D15B181F-E1A0-4A08-89BB-DDED9888AD27}.Release|Any CPU.ActiveCfg = Release|Any CPU
		{D15B181F-E1A0-4A08-89BB-DDED9888AD27}.Release|Any CPU.Build.0 = Release|Any CPU
	EndGlobalSection
	GlobalSection(SolutionProperties) = preSolution
		HideSolutionNode = FALSE
	EndGlobalSection
	GlobalSection(MonoDevelopProperties) = preSolution
		StartupItem = Assembly-CSharp.csproj
	EndGlobalSection
EndGlobal
